
Microsoft Visual Studio Solution File, Format Version 12.00
# Visual Studio Version 17
VisualStudioVersion = 17.14.36511.14 d17.14
MinimumVisualStudioVersion = 10.0.40219.1
Project("{FAE04EC0-301F-11D3-BF4B-00C04F79EFBC}") = "WebExtensions", "WebExtensions.csproj", "{921728D1-4713-4D13-9335-EB9E0FF6E42F}"
EndProject
Global
	GlobalSection(SolutionConfigurationPlatforms) = preSolution
		Debug|Any CPU = Debug|Any CPU
		Release|Any CPU = Release|Any CPU
	EndGlobalSection
	GlobalSection(ProjectConfigurationPlatforms) = postSolution
		{921728D1-4713-4D13-9335-EB9E0FF6E42F}.Debug|Any CPU.ActiveCfg = Debug|Any CPU
		{921728D1-4713-4D13-9335-EB9E0FF6E42F}.Debug|Any CPU.Build.0 = Debug|Any CPU
		{921728D1-4713-4D13-9335-EB9E0FF6E42F}.Release|Any CPU.ActiveCfg = Release|Any CPU
		{921728D1-4713-4D13-9335-EB9E0FF6E42F}.Release|Any CPU.Build.0 = Release|Any CPU
	EndGlobalSection
	GlobalSection(SolutionProperties) = preSolution
		HideSolutionNode = FALSE
	EndGlobalSection
	GlobalSection(ExtensibilityGlobals) = postSolution
		SolutionGuid = {616242F2-9111-4909-81E8-D1E2948E34FA}
	EndGlobalSection
EndGlobal
